github.com/ctx42/testing v0.19.1 h1:4WXbBy16c62+ECICQcL13YJfMr2tfuZD4JTpn/lJsbI=
github.com/ctx42/testing v0.19.1/go.mod h1:VHcxY4uhZQ8Lewevgmc9WHjJQc9CopJm9IAOTK5XbaM=
github.com/ctx42/testing v0.28.1 h1:KekH/U4zyqg1ernRsLuhcSrIFE+VkQTtsx8Gv0TNv1o=
github.com/ctx42/testing v0.28.1/go.mod h1:VHcxY4uhZQ8Lewevgmc9WHjJQc9CopJm9IAOTK5XbaM=
github.com/ctx42/testing v0.37.1 h1:WQc594F3bM4GNWIQ/0KL2dPeHxsjMXKZ9OnvXUHw2j4=
github.com/ctx42/testing v0.37.1/go.mod h1:VHcxY4uhZQ8Lewevgmc9WHjJQc9CopJm9IAOTK5XbaM=
github.com/ctx42/testing v0.46.0 h1:MgmuHhRjt2Hm8lb9lrKHsiWNi9fz18CljrKQ7/b8G5M=
github.com/ctx42/testing v0.46.0/go.mod h1:VHcxY4uhZQ8Lewevgmc9WHjJQc9CopJm9IAOTK5XbaM=
github.com/ctx42/testing v0.47.0 h1:uJy2R7yrBdBEjYL1RGq0hIHMPGXZV0D+5GcgJsUBkJU=
github.com/ctx42/testing v0.47.0/go.mod h1:wRBqNRtlxDZnXIjgCX3zr05Acl6JC1D6cSBN2IpaMIs=
github.com/ctx42/testing v0.48.0 h1:Mr5WIypC4LZTXrYIT72GtmOCARTRr8uotBGdg9S6Qmk=
github.com/ctx42/testing v0.48.0/go.mod h1:wRBqNRtlxDZnXIjgCX3zr05Acl6JC1D6cSBN2IpaMIs=
github.com/ctx42/testing v0.55.0 h1:xzYg+zW6xx2BDemveLhIztU6BdY9O6KCCR1FeYEt+mk=
github.com/ctx42/testing v0.55.0/go.mod h1:wRBqNRtlxDZnXIjgCX3zr05Acl6JC1D6cSBN2IpaMIs=
